
Microsoft Visual Studio Solution File, Format Version 12.00
# Visual Studio Version 16
VisualStudioVersion = 16.0.30128.74
MinimumVisualStudioVersion = 10.0.40219.1
Project("{FAE04EC0-301F-11D3-BF4B-00C04F79EFBC}") = "LeerDocXML", "LeerDocXML\LeerDocXML.csproj", "{2E9CCD09-AE13-4F3A-92DE-010546E1C092}"
EndProject
Global
	GlobalSection(SolutionConfigurationPlatforms) = preSolution
		Debug|Any CPU = Debug|Any CPU
		Release|Any CPU = Release|Any CPU
	EndGlobalSection
	GlobalSection(ProjectConfigurationPlatforms) = postSolution
		{2E9CCD09-AE13-4F3A-92DE-010546E1C092}.Debug|Any CPU.ActiveCfg = Debug|Any CPU
		{2E9CCD09-AE13-4F3A-92DE-010546E1C092}.Debug|Any CPU.Build.0 = Debug|Any CPU
		{2E9CCD09-AE13-4F3A-92DE-010546E1C092}.Release|Any CPU.ActiveCfg = Release|Any CPU
		{2E9CCD09-AE13-4F3A-92DE-010546E1C092}.Release|Any CPU.Build.0 = Release|Any CPU
	EndGlobalSection
	GlobalSection(SolutionProperties) = preSolution
		HideSolutionNode = FALSE
	EndGlobalSection
	GlobalSection(ExtensibilityGlobals) = postSolution
		SolutionGuid = {E5631116-9D9B-4516-87E4-EEEF3E9EA19B}
	EndGlobalSection
EndGlobal
